
Microsoft Visual Studio Solution File, Format Version 12.00
# Visual Studio 15
VisualStudioVersion = 15.0.28307.572
MinimumVisualStudioVersion = 10.0.40219.1
Project("{FAE04EC0-301F-11D3-BF4B-00C04F79EFBC}") = "Peluditos.com", "Peluditos.com\Peluditos.com.csproj", "{96E08F56-948D-408A-90FC-27A7668DA9F2}"
EndProject
Project("{FAE04EC0-301F-11D3-BF4B-00C04F79EFBC}") = "Peluditos.com.Tests", "Peluditos.com.Tests\Peluditos.com.Tests.csproj", "{836824F2-15D0-4858-A40D-AD88E6AD8BDE}"
EndProject
Global
	GlobalSection(SolutionConfigurationPlatforms) = preSolution
		Debug|Any CPU = Debug|Any CPU
		Release|Any CPU = Release|Any CPU
	EndGlobalSection
	GlobalSection(ProjectConfigurationPlatforms) = postSolution
		{96E08F56-948D-408A-90FC-27A7668DA9F2}.Debug|Any CPU.ActiveCfg = Debug|Any CPU
		{96E08F56-948D-408A-90FC-27A7668DA9F2}.Debug|Any CPU.Build.0 = Debug|Any CPU
		{96E08F56-948D-408A-90FC-27A7668DA9F2}.Release|Any CPU.ActiveCfg = Release|Any CPU
		{96E08F56-948D-408A-90FC-27A7668DA9F2}.Release|Any CPU.Build.0 = Release|Any CPU
		{836824F2-15D0-4858-A40D-AD88E6AD8BDE}.Debug|Any CPU.ActiveCfg = Debug|Any CPU
		{836824F2-15D0-4858-A40D-AD88E6AD8BDE}.Debug|Any CPU.Build.0 = Debug|Any CPU
		{836824F2-15D0-4858-A40D-AD88E6AD8BDE}.Release|Any CPU.ActiveCfg = Release|Any CPU
		{836824F2-15D0-4858-A40D-AD88E6AD8BDE}.Release|Any CPU.Build.0 = Release|Any CPU
	EndGlobalSection
	GlobalSection(SolutionProperties) = preSolution
		HideSolutionNode = FALSE
	EndGlobalSection
	GlobalSection(ExtensibilityGlobals) = postSolution
		SolutionGuid = {F5F04DAC-3851-4314-B027-53BEFCA4E17E}
	EndGlobalSection
EndGlobal
